// !$*UTF8*$!
{
	archiveVersion = 1;
	classes = {
	};
	objectVersion = 46;
	objects = {

/* Begin PBXBuildFile section */
		45C62336B304ADBE8937550C /* libPods-JLUnivalProject.a in Frameworks */ = {isa = PBXBuildFile; fileRef = A1228A19A41EDC04E61DCC56 /* libPods-JLUnivalProject.a */; };
		DD0690A41E737F4D00986688 /* main.m in Sources */ = {isa = PBXBuildFile; fileRef = DD0690A31E737F4D00986688 /* main.m */; };
		DD0690A71E737F4D00986688 /* JLAppDelegate.m in Sources */ = {isa = PBXBuildFile; fileRef = DD0690A61E737F4D00986688 /* JLAppDelegate.m */; };
		DD0690AA1E737F4D00986688 /* ViewController.m in Sources */ = {isa = PBXBuildFile; fileRef = DD0690A91E737F4D00986688 /* ViewController.m */; };
		DD0690AD1E737F4D00986688 /* Main.storyboard in Resources */ = {isa = PBXBuildFile; fileRef = DD0690AB1E737F4D00986688 /* Main.storyboard */; };
		DD0690AF1E737F4D00986688 /* Assets.xcassets in Resources */ = {isa = PBXBuildFile; fileRef = DD0690AE1E737F4D00986688 /* Assets.xcassets */; };
		DD0690B21E737F4D00986688 /* LaunchScreen.storyboard in Resources */ = {isa = PBXBuildFile; fileRef = DD0690B01E737F4D00986688 /* LaunchScreen.storyboard */; };
		DD0690BD1E737F4E00986688 /* JLUnivalProjectTests.m in Sources */ = {isa = PBXBuildFile; fileRef = DD0690BC1E737F4E00986688 /* JLUnivalProjectTests.m */; };
		DD0690C81E737F4E00986688 /* JLUnivalProjectUITests.m in Sources */ = {isa = PBXBuildFile; fileRef = DD0690C71E737F4E00986688 /* JLUnivalProjectUITests.m */; };
		DD0690DC1E738E6900986688 /* JLTabBarViewController.m in Sources */ = {isa = PBXBuildFile; fileRef = DD0690DB1E738E6900986688 /* JLTabBarViewController.m */; };
		DD0690E11E73986900986688 /* JLFIrstViewController.m in Sources */ = {isa = PBXBuildFile; fileRef = DD0690E01E73986900986688 /* JLFIrstViewController.m */; };
		DD0690E41E7398CD00986688 /* JLSecondViewController.m in Sources */ = {isa = PBXBuildFile; fileRef = DD0690E31E7398CD00986688 /* JLSecondViewController.m */; };
		DD0690E71E73990100986688 /* JLThirdViewController.m in Sources */ = {isa = PBXBuildFile; fileRef = DD0690E61E73990100986688 /* JLThirdViewController.m */; };
		DD0690EC1E74046200986688 /* JLNavigationAnimator.m in Sources */ = {isa = PBXBuildFile; fileRef = DD0690EB1E74046200986688 /* JLNavigationAnimator.m */; };
		DD0690EF1E74377900986688 /* JLNavigationHandler.m in Sources */ = {isa = PBXBuildFile; fileRef = DD0690EE1E74377900986688 /* JLNavigationHandler.m */; };
/* End PBXBuildFile section */

/* Begin PBXContainerItemProxy section */
		DD0690B91E737F4E00986688 /* PBXContainerItemProxy */ = {
			isa = PBXContainerItemProxy;
			containerPortal = DD0690971E737F4D00986688 /* Project object */;
			proxyType = 1;
			remoteGlobalIDString = DD06909E1E737F4D00986688;
			remoteInfo = JLUnivalProject;
		};
		DD0690C41E737F4E00986688 /* PBXContainerItemProxy */ = {
			isa = PBXContainerItemProxy;
			containerPortal = DD0690971E737F4D00986688 /* Project object */;
			proxyType = 1;
			remoteGlobalIDString = DD06909E1E737F4D00986688;
			remoteInfo = JLUnivalProject;
		};
/* End PBXContainerItemProxy section */

/* Begin PBXFileReference section */
		83B90EFC36269CE78D2CF6A8 /* Pods-JLUnivalProject.debug.xcconfig */ = {isa = PBXFileReference; includeInIndex = 1; lastKnownFileType = text.xcconfig; name = "Pods-JLUnivalProject.debug.xcconfig"; path = "Pods/Target Support Files/Pods-JLUnivalProject/Pods-JLUnivalProject.debug.xcconfig"; sourceTree = "<group>"; };
		A1228A19A41EDC04E61DCC56 /* libPods-JLUnivalProject.a */ = {isa = PBXFileReference; explicitFileType = archive.ar; includeInIndex = 0; path = "libPods-JLUnivalProject.a"; sourceTree = BUILT_PRODUCTS_DIR; };
		D5B90540CB1F1C6A910353C4 /* Pods-JLUnivalProject.release.xcconfig */ = {isa = PBXFileReference; includeInIndex = 1; lastKnownFileType = text.xcconfig; name = "Pods-JLUnivalProject.release.xcconfig"; path = "Pods/Target Support Files/Pods-JLUnivalProject/Pods-JLUnivalProject.release.xcconfig"; sourceTree = "<group>"; };
		DD06909F1E737F4D00986688 /* JLUnivalProject.app */ = {isa = PBXFileReference; explicitFileType = wrapper.application; includeInIndex = 0; path = JLUnivalProject.app; sourceTree = BUILT_PRODUCTS_DIR; };
		DD0690A31E737F4D00986688 /* main.m */ = {isa = PBXFileReference; lastKnownFileType = sourcecode.c.objc; path = main.m; sourceTree = "<group>"; };
		DD0690A51E737F4D00986688 /* JLAppDelegate.h */ = {isa = PBXFileReference; lastKnownFileType = sourcecode.c.h; path = JLAppDelegate.h; sourceTree = "<group>"; };
		DD0690A61E737F4D00986688 /* JLAppDelegate.m */ = {isa = PBXFileReference; lastKnownFileType = sourcecode.c.objc; path = JLAppDelegate.m; sourceTree = "<group>"; };
		DD0690A81E737F4D00986688 /* ViewController.h */ = {isa = PBXFileReference; lastKnownFileType = sourcecode.c.h; path = ViewController.h; sourceTree = "<group>"; };
		DD0690A91E737F4D00986688 /* ViewController.m */ = {isa = PBXFileReference; lastKnownFileType = sourcecode.c.objc; path = ViewController.m; sourceTree = "<group>"; };
		DD0690AC1E737F4D00986688 /* Base */ = {isa = PBXFileReference; lastKnownFileType = file.storyboard; name = Base; path = Base.lproj/Main.storyboard; sourceTree = "<group>"; };
		DD0690AE1E737F4D00986688 /* Assets.xcassets */ = {isa = PBXFileReference; lastKnownFileType = folder.assetcatalog; path = Assets.xcassets; sourceTree = "<group>"; };
		DD0690B11E737F4D00986688 /* Base */ = {isa = PBXFileReference; lastKnownFileType = file.storyboard; name = Base; path = Base.lproj/LaunchScreen.storyboard; sourceTree = "<group>"; };
		DD0690B31E737F4D00986688 /* Info.plist */ = {isa = PBXFileReference; lastKnownFileType = text.plist.xml; path = Info.plist; sourceTree = "<group>"; };
		DD0690B81E737F4E00986688 /* JLUnivalProjectTests.xctest */ = {isa = PBXFileReference; explicitFileType = wrapper.cfbundle; includeInIndex = 0; path = JLUnivalProjectTests.xctest; sourceTree = BUILT_PRODUCTS_DIR; };
		DD0690BC1E737F4E00986688 /* JLUnivalProjectTests.m */ = {isa = PBXFileReference; lastKnownFileType = sourcecode.c.objc; path = JLUnivalProjectTests.m; sourceTree = "<group>"; };
		DD0690BE1E737F4E00986688 /* Info.plist */ = {isa = PBXFileReference; lastKnownFileType = text.plist.xml; path = Info.plist; sourceTree = "<group>"; };
		DD0690C31E737F4E00986688 /* JLUnivalProjectUITests.xctest */ = {isa = PBXFileReference; explicitFileType = wrapper.cfbundle; includeInIndex = 0; path = JLUnivalProjectUITests.xctest; sourceTree = BUILT_PRODUCTS_DIR; };
		DD0690C71E737F4E00986688 /* JLUnivalProjectUITests.m */ = {isa = PBXFileReference; lastKnownFileType = sourcecode.c.objc; path = JLUnivalProjectUITests.m; sourceTree = "<group>"; };
		DD0690C91E737F4E00986688 /* Info.plist */ = {isa = PBXFileReference; lastKnownFileType = text.plist.xml; path = Info.plist; sourceTree = "<group>"; };
		DD0690DA1E738E6900986688 /* JLTabBarViewController.h */ = {isa = PBXFileReference; fileEncoding = 4; lastKnownFileType = sourcecode.c.h; name = JLTabBarViewController.h; path = Main/JLTabBarViewController.h; sourceTree = "<group>"; };
		DD0690DB1E738E6900986688 /* JLTabBarViewController.m */ = {isa = PBXFileReference; fileEncoding = 4; lastKnownFileType = sourcecode.c.objc; name = JLTabBarViewController.m; path = Main/JLTabBarViewController.m; sourceTree = "<group>"; };
		DD0690DE1E738F5C00986688 /* JLGlobalMacro.h */ = {isa = PBXFileReference; fileEncoding = 4; lastKnownFileType = sourcecode.c.h; path = JLGlobalMacro.h; sourceTree = "<group>"; };
		DD0690DF1E73986900986688 /* JLFIrstViewController.h */ = {isa = PBXFileReference; fileEncoding = 4; lastKnownFileType = sourcecode.c.h; name = JLFIrstViewController.h; path = Main/JLFIrstViewController.h; sourceTree = "<group>"; };
		DD0690E01E73986900986688 /* JLFIrstViewController.m */ = {isa = PBXFileReference; fileEncoding = 4; lastKnownFileType = sourcecode.c.objc; name = JLFIrstViewController.m; path = Main/JLFIrstViewController.m; sourceTree = "<group>"; };
		DD0690E21E7398CD00986688 /* JLSecondViewController.h */ = {isa = PBXFileReference; fileEncoding = 4; lastKnownFileType = sourcecode.c.h; name = JLSecondViewController.h; path = Main/JLSecondViewController.h; sourceTree = "<group>"; };
		DD0690E31E7398CD00986688 /* JLSecondViewController.m */ = {isa = PBXFileReference; fileEncoding = 4; lastKnownFileType = sourcecode.c.objc; name = JLSecondViewController.m; path = Main/JLSecondViewController.m; sourceTree = "<group>"; };
		DD0690E51E73990100986688 /* JLThirdViewController.h */ = {isa = PBXFileReference; fileEncoding = 4; lastKnownFileType = sourcecode.c.h; name = JLThirdViewController.h; path = Main/JLThirdViewController.h; sourceTree = "<group>"; };
		DD0690E61E73990100986688 /* JLThirdViewController.m */ = {isa = PBXFileReference; fileEncoding = 4; lastKnownFileType = sourcecode.c.objc; name = JLThirdViewController.m; path = Main/JLThirdViewController.m; sourceTree = "<group>"; };
		DD0690E81E73ADAF00986688 /* JLGlobal-Prefix.pch */ = {isa = PBXFileReference; lastKnownFileType = sourcecode.c.h; path = "JLGlobal-Prefix.pch"; sourceTree = "<group>"; };
		DD0690EA1E74046200986688 /* JLNavigationAnimator.h */ = {isa = PBXFileReference; fileEncoding = 4; lastKnownFileType = sourcecode.c.h; name = JLNavigationAnimator.h; path = Animator/JLNavigationAnimator.h; sourceTree = "<group>"; };
		DD0690EB1E74046200986688 /* JLNavigationAnimator.m */ = {isa = PBXFileReference; fileEncoding = 4; lastKnownFileType = sourcecode.c.objc; name = JLNavigationAnimator.m; path = Animator/JLNavigationAnimator.m; sourceTree = "<group>"; };
		DD0690ED1E74377900986688 /* JLNavigationHandler.h */ = {isa = PBXFileReference; fileEncoding = 4; lastKnownFileType = sourcecode.c.h; name = JLNavigationHandler.h; path = Animator/JLNavigationHandler.h; sourceTree = "<group>"; };
		DD0690EE1E74377900986688 /* JLNavigationHandler.m */ = {isa = PBXFileReference; fileEncoding = 4; lastKnownFileType = sourcecode.c.objc; name = JLNavigationHandler.m; path = Animator/JLNavigationHandler.m; sourceTree = "<group>"; };
/* End PBXFileReference section */

/* Begin PBXFrameworksBuildPhase section */
		DD06909C1E737F4D00986688 /* Frameworks */ = {
			isa = PBXFrameworksBuildPhase;
			buildActionMask = 2147483647;
			files = (
				45C62336B304ADBE8937550C /* libPods-JLUnivalProject.a in Frameworks */,
			);
			runOnlyForDeploymentPostprocessing = 0;
		};
		DD0690B51E737F4E00986688 /* Frameworks */ = {
			isa = PBXFrameworksBuildPhase;
			buildActionMask = 2147483647;
			files = (
			);
			runOnlyForDeploymentPostprocessing = 0;
		};
		DD0690C01E737F4E00986688 /* Frameworks */ = {
			isa = PBXFrameworksBuildPhase;
			buildActionMask = 2147483647;
			files = (
			);
			runOnlyForDeploymentPostprocessing = 0;
		};
/* End PBXFrameworksBuildPhase section */

/* Begin PBXGroup section */
		062744A807D05302A1B0F2DB /* Frameworks */ = {
			isa = PBXGroup;
			children = (
				A1228A19A41EDC04E61DCC56 /* libPods-JLUnivalProject.a */,
			);
			name = Frameworks;
			sourceTree = "<group>";
		};
		DD0690961E737F4D00986688 = {
			isa = PBXGroup;
			children = (
				DD0690A11E737F4D00986688 /* JLUnivalProject */,
				DD0690BB1E737F4E00986688 /* JLUnivalProjectTests */,
				DD0690C61E737F4E00986688 /* JLUnivalProjectUITests */,
				DD0690A01E737F4D00986688 /* Products */,
				F2E3C675BD8CD0E222686038 /* Pods */,
				062744A807D05302A1B0F2DB /* Frameworks */,
			);
			sourceTree = "<group>";
		};
		DD0690A01E737F4D00986688 /* Products */ = {
			isa = PBXGroup;
			children = (
				DD06909F1E737F4D00986688 /* JLUnivalProject.app */,
				DD0690B81E737F4E00986688 /* JLUnivalProjectTests.xctest */,
				DD0690C31E737F4E00986688 /* JLUnivalProjectUITests.xctest */,
			);
			name = Products;
			sourceTree = "<group>";
		};
		DD0690A11E737F4D00986688 /* JLUnivalProject */ = {
			isa = PBXGroup;
			children = (
				DD0690A51E737F4D00986688 /* JLAppDelegate.h */,
				DD0690A61E737F4D00986688 /* JLAppDelegate.m */,
				DD0690A81E737F4D00986688 /* ViewController.h */,
				DD0690A91E737F4D00986688 /* ViewController.m */,
				DD0690E91E73F19300986688 /* Animator */,
				DD0690DD1E738E7A00986688 /* Main */,
				DD0690AB1E737F4D00986688 /* Main.storyboard */,
				DD0690AE1E737F4D00986688 /* Assets.xcassets */,
				DD0690B01E737F4D00986688 /* LaunchScreen.storyboard */,
				DD0690B31E737F4D00986688 /* Info.plist */,
				DD0690DE1E738F5C00986688 /* JLGlobalMacro.h */,
				DD0690E81E73ADAF00986688 /* JLGlobal-Prefix.pch */,
				DD0690A21E737F4D00986688 /* Supporting Files */,
			);
			path = JLUnivalProject;
			sourceTree = "<group>";
		};
		DD0690A21E737F4D00986688 /* Supporting Files */ = {
			isa = PBXGroup;
			children = (
				DD0690A31E737F4D00986688 /* main.m */,
			);
			name = "Supporting Files";
			sourceTree = "<group>";
		};
		DD0690BB1E737F4E00986688 /* JLUnivalProjectTests */ = {
			isa = PBXGroup;
			children = (
				DD0690BC1E737F4E00986688 /* JLUnivalProjectTests.m */,
				DD0690BE1E737F4E00986688 /* Info.plist */,
			);
			path = JLUnivalProjectTests;
			sourceTree = "<group>";
		};
		DD0690C61E737F4E00986688 /* JLUnivalProjectUITests */ = {
			isa = PBXGroup;
			children = (
				DD0690C71E737F4E00986688 /* JLUnivalProjectUITests.m */,
				DD0690C91E737F4E00986688 /* Info.plist */,
			);
			path = JLUnivalProjectUITests;
			sourceTree = "<group>";
		};
		DD0690DD1E738E7A00986688 /* Main */ = {
			isa = PBXGroup;
			children = (
				DD0690DA1E738E6900986688 /* JLTabBarViewController.h */,
				DD0690DB1E738E6900986688 /* JLTabBarViewController.m */,
				DD0690DF1E73986900986688 /* JLFIrstViewController.h */,
				DD0690E01E73986900986688 /* JLFIrstViewController.m */,
				DD0690E21E7398CD00986688 /* JLSecondViewController.h */,
				DD0690E31E7398CD00986688 /* JLSecondViewController.m */,
				DD0690E51E73990100986688 /* JLThirdViewController.h */,
				DD0690E61E73990100986688 /* JLThirdViewController.m */,
			);
			name = Main;
			sourceTree = "<group>";
		};
		DD0690E91E73F19300986688 /* Animator */ = {
			isa = PBXGroup;
			children = (
				DD0690EA1E74046200986688 /* JLNavigationAnimator.h */,
				DD0690EB1E74046200986688 /* JLNavigationAnimator.m */,
				DD0690ED1E74377900986688 /* JLNavigationHandler.h */,
				DD0690EE1E74377900986688 /* JLNavigationHandler.m */,
			);
			name = Animator;
			sourceTree = "<group>";
		};
		F2E3C675BD8CD0E222686038 /* Pods */ = {
			isa = PBXGroup;
			children = (
				83B90EFC36269CE78D2CF6A8 /* Pods-JLUnivalProject.debug.xcconfig */,
				D5B90540CB1F1C6A910353C4 /* Pods-JLUnivalProject.release.xcconfig */,
			);
			name = Pods;
			sourceTree = "<group>";
		};
/* End PBXGroup section */

/* Begin PBXNativeTarget section */
		DD06909E1E737F4D00986688 /* JLUnivalProject */ = {
			isa = PBXNativeTarget;
			buildConfigurationList = DD0690CC1E737F4E00986688 /* Build configuration list for PBXNativeTarget "JLUnivalProject" */;
			buildPhases = (
				7F2E05A5B9F79BE4EE877AA4 /* [CP] Check Pods Manifest.lock */,
				DD06909B1E737F4D00986688 /* Sources */,
				DD06909C1E737F4D00986688 /* Frameworks */,
				DD06909D1E737F4D00986688 /* Resources */,
				FD426B6215AEDDB5791487B5 /* [CP] Embed Pods Frameworks */,
				97E11E8D6CDBB87EE7EBAF17 /* [CP] Copy Pods Resources */,
			);
			buildRules = (
			);
			dependencies = (
			);
			name = JLUnivalProject;
			productName = JLUnivalProject;
			productReference = DD06909F1E737F4D00986688 /* JLUnivalProject.app */;
			productType = "com.apple.product-type.application";
		};
		DD0690B71E737F4E00986688 /* JLUnivalProjectTests */ = {
			isa = PBXNativeTarget;
			buildConfigurationList = DD0690CF1E737F4E00986688 /* Build configuration list for PBXNativeTarget "JLUnivalProjectTests" */;
			buildPhases = (
				DD0690B41E737F4E00986688 /* Sources */,
				DD0690B51E737F4E00986688 /* Frameworks */,
				DD0690B61E737F4E00986688 /* Resources */,
			);
			buildRules = (
			);
			dependencies = (
				DD0690BA1E737F4E00986688 /* PBXTargetDependency */,
			);
			name = JLUnivalProjectTests;
			productName = JLUnivalProjectTests;
			productReference = DD0690B81E737F4E00986688 /* JLUnivalProjectTests.xctest */;
			productType = "com.apple.product-type.bundle.unit-test";
		};
		DD0690C21E737F4E00986688 /* JLUnivalProjectUITests */ = {
			isa = PBXNativeTarget;
			buildConfigurationList = DD0690D21E737F4E00986688 /* Build configuration list for PBXNativeTarget "JLUnivalProjectUITests" */;
			buildPhases = (
				DD0690BF1E737F4E00986688 /* Sources */,
				DD0690C01E737F4E00986688 /* Frameworks */,
				DD0690C11E737F4E00986688 /* Resources */,
			);
			buildRules = (
			);
			dependencies = (
				DD0690C51E737F4E00986688 /* PBXTargetDependency */,
			);
			name = JLUnivalProjectUITests;
			productName = JLUnivalProjectUITests;
			productReference = DD0690C31E737F4E00986688 /* JLUnivalProjectUITests.xctest */;
			productType = "com.apple.product-type.bundle.ui-testing";
		};
/* End PBXNativeTarget section */

/* Begin PBXProject section */
		DD0690971E737F4D00986688 /* Project object */ = {
			isa = PBXProject;
			attributes = {
				LastUpgradeCheck = 0720;
				ORGANIZATIONNAME = com.jack.lin;
				TargetAttributes = {
					DD06909E1E737F4D00986688 = {
						CreatedOnToolsVersion = 7.2;
					};
					DD0690B71E737F4E00986688 = {
						CreatedOnToolsVersion = 7.2;
						TestTargetID = DD06909E1E737F4D00986688;
					};
					DD0690C21E737F4E00986688 = {
						CreatedOnToolsVersion = 7.2;
						TestTargetID = DD06909E1E737F4D00986688;
					};
				};
			};
			buildConfigurationList = DD06909A1E737F4D00986688 /* Build configuration list for PBXProject "JLUnivalProject" */;
			compatibilityVersion = "Xcode 3.2";
			developmentRegion = English;
			hasScannedForEncodings = 0;
			knownRegions = (
				en,
				Base,
			);
			mainGroup = DD0690961E737F4D00986688;
			productRefGroup = DD0690A01E737F4D00986688 /* Products */;
			projectDirPath = "";
			projectRoot = "";
			targets = (
				DD06909E1E737F4D00986688 /* JLUnivalProject */,
				DD0690B71E737F4E00986688 /* JLUnivalProjectTests */,
				DD0690C21E737F4E00986688 /* JLUnivalProjectUITests */,
			);
		};
/* End PBXProject section */

/* Begin PBXResourcesBuildPhase section */
		DD06909D1E737F4D00986688 /* Resources */ = {
			isa = PBXResourcesBuildPhase;
			buildActionMask = 2147483647;
			files = (
				DD0690B21E737F4D00986688 /* LaunchScreen.storyboard in Resources */,
				DD0690AF1E737F4D00986688 /* Assets.xcassets in Resources */,
				DD0690AD1E737F4D00986688 /* Main.storyboard in Resources */,
			);
			runOnlyForDeploymentPostprocessing = 0;
		};
		DD0690B61E737F4E00986688 /* Resources */ = {
			isa = PBXResourcesBuildPhase;
			buildActionMask = 2147483647;
			files = (
			);
			runOnlyForDeploymentPostprocessing = 0;
		};
		DD0690C11E737F4E00986688 /* Resources */ = {
			isa = PBXResourcesBuildPhase;
			buildActionMask = 2147483647;
			files = (
			);
			runOnlyForDeploymentPostprocessing = 0;
		};
/* End PBXResourcesBuildPhase section */

/* Begin PBXShellScriptBuildPhase section */
		7F2E05A5B9F79BE4EE877AA4 /* [CP] Check Pods Manifest.lock */ = {
			isa = PBXShellScriptBuildPhase;
			buildActionMask = 2147483647;
			files = (
			);
			inputPaths = (
			);
			name = "[CP] Check Pods Manifest.lock";
			outputPaths = (
			);
			runOnlyForDeploymentPostprocessing = 0;
			shellPath = /bin/sh;
			shellScript = "diff \"${PODS_ROOT}/../Podfile.lock\" \"${PODS_ROOT}/Manifest.lock\" > /dev/null\nif [ $? != 0 ] ; then\n    # print error to STDERR\n    echo \"error: The sandbox is not in sync with the Podfile.lock. Run 'pod install' or update your CocoaPods installation.\" >&2\n    exit 1\nfi\n";
			showEnvVarsInLog = 0;
		};
		97E11E8D6CDBB87EE7EBAF17 /* [CP] Copy Pods Resources */ = {
			isa = PBXShellScriptBuildPhase;
			buildActionMask = 2147483647;
			files = (
			);
			inputPaths = (
			);
			name = "[CP] Copy Pods Resources";
			outputPaths = (
			);
			runOnlyForDeploymentPostprocessing = 0;
			shellPath = /bin/sh;
			shellScript = "\"${SRCROOT}/Pods/Target Support Files/Pods-JLUnivalProject/Pods-JLUnivalProject-resources.sh\"\n";
			showEnvVarsInLog = 0;
		};
		FD426B6215AEDDB5791487B5 /* [CP] Embed Pods Frameworks */ = {
			isa = PBXShellScriptBuildPhase;
			buildActionMask = 2147483647;
			files = (
			);
			inputPaths = (
			);
			name = "[CP] Embed Pods Frameworks";
			outputPaths = (
			);
			runOnlyForDeploymentPostprocessing = 0;
			shellPath = /bin/sh;
			shellScript = "\"${SRCROOT}/Pods/Target Support Files/Pods-JLUnivalProject/Pods-JLUnivalProject-frameworks.sh\"\n";
			showEnvVarsInLog = 0;
		};
/* End PBXShellScriptBuildPhase section */

/* Begin PBXSourcesBuildPhase section */
		DD06909B1E737F4D00986688 /* Sources */ = {
			isa = PBXSourcesBuildPhase;
			buildActionMask = 2147483647;
			files = (
				DD0690E41E7398CD00986688 /* JLSecondViewController.m in Sources */,
				DD0690DC1E738E6900986688 /* JLTabBarViewController.m in Sources */,
				DD0690EC1E74046200986688 /* JLNavigationAnimator.m in Sources */,
				DD0690AA1E737F4D00986688 /* ViewController.m in Sources */,
				DD0690A71E737F4D00986688 /* JLAppDelegate.m in Sources */,
				DD0690EF1E74377900986688 /* JLNavigationHandler.m in Sources */,
				DD0690A41E737F4D00986688 /* main.m in Sources */,
				DD0690E11E73986900986688 /* JLFIrstViewController.m in Sources */,
				DD0690E71E73990100986688 /* JLThirdViewController.m in Sources */,
			);
			runOnlyForDeploymentPostprocessing = 0;
		};
		DD0690B41E737F4E00986688 /* Sources */ = {
			isa = PBXSourcesBuildPhase;
			buildActionMask = 2147483647;
			files = (
				DD0690BD1E737F4E00986688 /* JLUnivalProjectTests.m in Sources */,
			);
			runOnlyForDeploymentPostprocessing = 0;
		};
		DD0690BF1E737F4E00986688 /* Sources */ = {
			isa = PBXSourcesBuildPhase;
			buildActionMask = 2147483647;
			files = (
				DD0690C81E737F4E00986688 /* JLUnivalProjectUITests.m in Sources */,
			);
			runOnlyForDeploymentPostprocessing = 0;
		};
/* End PBXSourcesBuildPhase section */

/* Begin PBXTargetDependency section */
		DD0690BA1E737F4E00986688 /* PBXTargetDependency */ = {
			isa = PBXTargetDependency;
			target = DD06909E1E737F4D00986688 /* JLUnivalProject */;
			targetProxy = DD0690B91E737F4E00986688 /* PBXContainerItemProxy */;
		};
		DD0690C51E737F4E00986688 /* PBXTargetDependency */ = {
			isa = PBXTargetDependency;
			target = DD06909E1E737F4D00986688 /* JLUnivalProject */;
			targetProxy = DD0690C41E737F4E00986688 /* PBXContainerItemProxy */;
		};
/* End PBXTargetDependency section */

/* Begin PBXVariantGroup section */
		DD0690AB1E737F4D00986688 /* Main.storyboard */ = {
			isa = PBXVariantGroup;
			children = (
				DD0690AC1E737F4D00986688 /* Base */,
			);
			name = Main.storyboard;
			sourceTree = "<group>";
		};
		DD0690B01E737F4D00986688 /* LaunchScreen.storyboard */ = {
			isa = PBXVariantGroup;
			children = (
				DD0690B11E737F4D00986688 /* Base */,
			);
			name = LaunchScreen.storyboard;
			sourceTree = "<group>";
		};
/* End PBXVariantGroup section */

/* Begin XCBuildConfiguration section */
		DD0690CA1E737F4E00986688 /* Debug */ = {
			isa = XCBuildConfiguration;
			buildSettings = {
				ALWAYS_SEARCH_USER_PATHS = NO;
				CLANG_CXX_LANGUAGE_STANDARD = "gnu++0x";
				CLANG_CXX_LIBRARY = "libc++";
				CLANG_ENABLE_MODULES = YES;
				CLANG_ENABLE_OBJC_ARC = YES;
				CLANG_WARN_BOOL_CONVERSION = YES;
				CLANG_WARN_CONSTANT_CONVERSION = YES;
				CLANG_WARN_DIRECT_OBJC_ISA_USAGE = YES_ERROR;
				CLANG_WARN_EMPTY_BODY = YES;
				CLANG_WARN_ENUM_CONVERSION = YES;
				CLANG_WARN_INT_CONVERSION = YES;
				CLANG_WARN_OBJC_ROOT_CLASS = YES_ERROR;
				CLANG_WARN_UNREACHABLE_CODE = YES;
				CLANG_WARN__DUPLICATE_METHOD_MATCH = YES;
				"CODE_SIGN_IDENTITY[sdk=iphoneos*]" = "iPhone Developer";
				COPY_PHASE_STRIP = NO;
				DEBUG_INFORMATION_FORMAT = dwarf;
				ENABLE_STRICT_OBJC_MSGSEND = YES;
				ENABLE_TESTABILITY = YES;
				GCC_C_LANGUAGE_STANDARD = gnu99;
				GCC_DYNAMIC_NO_PIC = NO;
				GCC_NO_COMMON_BLOCKS = YES;
				GCC_OPTIMIZATION_LEVEL = 0;
				GCC_PREPROCESSOR_DEFINITIONS = (
					"DEBUG=1",
					"$(inherited)",
				);
				GCC_WARN_64_TO_32_BIT_CONVERSION = YES;
				GCC_WARN_ABOUT_RETURN_TYPE = YES_ERROR;
				GCC_WARN_UNDECLARED_SELECTOR = YES;
				GCC_WARN_UNINITIALIZED_AUTOS = YES_AGGRESSIVE;
				GCC_WARN_UNUSED_FUNCTION = YES;
				GCC_WARN_UNUSED_VARIABLE = YES;
				IPHONEOS_DEPLOYMENT_TARGET = 9.2;
				MTL_ENABLE_DEBUG_INFO = YES;
				ONLY_ACTIVE_ARCH = YES;
				SDKROOT = iphoneos;
				TARGETED_DEVICE_FAMILY = "1,2";
			};
			name = Debug;
		};
		DD0690CB1E737F4E00986688 /* Release */ = {
			isa = XCBuildConfiguration;
			buildSettings = {
				ALWAYS_SEARCH_USER_PATHS = NO;
				CLANG_CXX_LANGUAGE_STANDARD = "gnu++0x";
				CLANG_CXX_LIBRARY = "libc++";
				CLANG_ENABLE_MODULES = YES;
				CLANG_ENABLE_OBJC_ARC = YES;
				CLANG_WARN_BOOL_CONVERSION = YES;
				CLANG_WARN_CONSTANT_CONVERSION = YES;
				CLANG_WARN_DIRECT_OBJC_ISA_USAGE = YES_ERROR;
				CLANG_WARN_EMPTY_BODY = YES;
				CLANG_WARN_ENUM_CONVERSION = YES;
				CLANG_WARN_INT_CONVERSION = YES;
				CLANG_WARN_OBJC_ROOT_CLASS = YES_ERROR;
				CLANG_WARN_UNREACHABLE_CODE = YES;
				CLANG_WARN__DUPLICATE_METHOD_MATCH = YES;
				"CODE_SIGN_IDENTITY[sdk=iphoneos*]" = "iPhone Developer";
				COPY_PHASE_STRIP = NO;
				DEBUG_INFORMATION_FORMAT = "dwarf-with-dsym";
				ENABLE_NS_ASSERTIONS = NO;
				ENABLE_STRICT_OBJC_MSGSEND = YES;
				GCC_C_LANGUAGE_STANDARD = gnu99;
				GCC_NO_COMMON_BLOCKS = YES;
				GCC_WARN_64_TO_32_BIT_CONVERSION = YES;
				GCC_WARN_ABOUT_RETURN_TYPE = YES_ERROR;
				GCC_WARN_UNDECLARED_SELECTOR = YES;
				GCC_WARN_UNINITIALIZED_AUTOS = YES_AGGRESSIVE;
				GCC_WARN_UNUSED_FUNCTION = YES;
				GCC_WARN_UNUSED_VARIABLE = YES;
				IPHONEOS_DEPLOYMENT_TARGET = 9.2;
				MTL_ENABLE_DEBUG_INFO = NO;
				SDKROOT = iphoneos;
				TARGETED_DEVICE_FAMILY = "1,2";
				VALIDATE_PRODUCT = YES;
			};
			name = Release;
		};
		DD0690CD1E737F4E00986688 /* Debug */ = {
			isa = XCBuildConfiguration;
			baseConfigurationReference = 83B90EFC36269CE78D2CF6A8 /* Pods-JLUnivalProject.debug.xcconfig */;
			buildSettings = {
				ASSETCATALOG_COMPILER_APPICON_NAME = AppIcon;
				GCC_PREFIX_HEADER = "$(SRCROOT)/JLUnivalProject/JLGlobal-Prefix.pch";
				INFOPLIST_FILE = JLUnivalProject/Info.plist;
				IPHONEOS_DEPLOYMENT_TARGET = 8.0;
				LD_RUNPATH_SEARCH_PATHS = "$(inherited) @executable_path/Frameworks";
				PRODUCT_BUNDLE_IDENTIFIER = com.jack.lin.JLUnivalProject;
				PRODUCT_NAME = "$(TARGET_NAME)";
			};
			name = Debug;
		};
		DD0690CE1E737F4E00986688 /* Release */ = {
			isa = XCBuildConfiguration;
			baseConfigurationReference = D5B90540CB1F1C6A910353C4 /* Pods-JLUnivalProject.release.xcconfig */;
			buildSettings = {
				ASSETCATALOG_COMPILER_APPICON_NAME = AppIcon;
				GCC_PREFIX_HEADER = "$(SRCROOT)/JLUnivalProject/JLGlobal-Prefix.pch";
				INFOPLIST_FILE = JLUnivalProject/Info.plist;
				IPHONEOS_DEPLOYMENT_TARGET = 8.0;
				LD_RUNPATH_SEARCH_PATHS = "$(inherited) @executable_path/Frameworks";
				PRODUCT_BUNDLE_IDENTIFIER = com.jack.lin.JLUnivalProject;
				PRODUCT_NAME = "$(TARGET_NAME)";
			};
			name = Release;
		};
		DD0690D01E737F4E00986688 /* Debug */ = {
			isa = XCBuildConfiguration;
			buildSettings = {
				BUNDLE_LOADER = "$(TEST_HOST)";
				INFOPLIST_FILE = JLUnivalProjectTests/Info.plist;
				LD_RUNPATH_SEARCH_PATHS = "$(inherited) @executable_path/Frameworks @loader_path/Frameworks";
				PRODUCT_BUNDLE_IDENTIFIER = com.jack.lin.JLUnivalProjectTests;
				PRODUCT_NAME = "$(TARGET_NAME)";
				TEST_HOST = "$(BUILT_PRODUCTS_DIR)/JLUnivalProject.app/JLUnivalProject";
			};
			name = Debug;
		};
		DD0690D11E737F4E00986688 /* Release */ = {
			isa = XCBuildConfiguration;
			buildSettings = {
				BUNDLE_LOADER = "$(TEST_HOST)";
				INFOPLIST_FILE = JLUnivalProjectTests/Info.plist;
				LD_RUNPATH_SEARCH_PATHS = "$(inherited) @executable_path/Frameworks @loader_path/Frameworks";
				PRODUCT_BUNDLE_IDENTIFIER = com.jack.lin.JLUnivalProjectTests;
				PRODUCT_NAME = "$(TARGET_NAME)";
				TEST_HOST = "$(BUILT_PRODUCTS_DIR)/JLUnivalProject.app/JLUnivalProject";
			};
			name = Release;
		};
		DD0690D31E737F4E00986688 /* Debug */ = {
			isa = XCBuildConfiguration;
			buildSettings = {
				INFOPLIST_FILE = JLUnivalProjectUITests/Info.plist;
				LD_RUNPATH_SEARCH_PATHS = "$(inherited) @executable_path/Frameworks @loader_path/Frameworks";
				PRODUCT_BUNDLE_IDENTIFIER = com.jack.lin.JLUnivalProjectUITests;
				PRODUCT_NAME = "$(TARGET_NAME)";
				TEST_TARGET_NAME = JLUnivalProject;
				USES_XCTRUNNER = YES;
			};
			name = Debug;
		};
		DD0690D41E737F4E00986688 /* Release */ = {
			isa = XCBuildConfiguration;
			buildSettings = {
				INFOPLIST_FILE = JLUnivalProjectUITests/Info.plist;
				LD_RUNPATH_SEARCH_PATHS = "$(inherited) @executable_path/Frameworks @loader_path/Frameworks";
				PRODUCT_BUNDLE_IDENTIFIER = com.jack.lin.JLUnivalProjectUITests;
				PRODUCT_NAME = "$(TARGET_NAME)";
				TEST_TARGET_NAME = JLUnivalProject;
				USES_XCTRUNNER = YES;
			};
			name = Release;
		};
/* End XCBuildConfiguration section */

/* Begin XCConfigurationList section */
		DD06909A1E737F4D00986688 /* Build configuration list for PBXProject "JLUnivalProject" */ = {
			isa = XCConfigurationList;
			buildConfigurations = (
				DD0690CA1E737F4E00986688 /* Debug */,
				DD0690CB1E737F4E00986688 /* Release */,
			);
			defaultConfigurationIsVisible = 0;
			defaultConfigurationName = Release;
		};
		DD0690CC1E737F4E00986688 /* Build configuration list for PBXNativeTarget "JLUnivalProject" */ = {
			isa = XCConfigurationList;
			buildConfigurations = (
				DD0690CD1E737F4E00986688 /* Debug */,
				DD0690CE1E737F4E00986688 /* Release */,
			);
			defaultConfigurationIsVisible = 0;
			defaultConfigurationName = Release;
		};
		DD0690CF1E737F4E00986688 /* Build configuration list for PBXNativeTarget "JLUnivalProjectTests" */ = {
			isa = XCConfigurationList;
			buildConfigurations = (
				DD0690D01E737F4E00986688 /* Debug */,
				DD0690D11E737F4E00986688 /* Release */,
			);
			defaultConfigurationIsVisible = 0;
			defaultConfigurationName = Release;
		};
		DD0690D21E737F4E00986688 /* Build configuration list for PBXNativeTarget "JLUnivalProjectUITests" */ = {
			isa = XCConfigurationList;
			buildConfigurations = (
				DD0690D31E737F4E00986688 /* Debug */,
				DD0690D41E737F4E00986688 /* Release */,
			);
			defaultConfigurationIsVisible = 0;
			defaultConfigurationName = Release;
		};
/* End XCConfigurationList section */
	};
	rootObject = DD0690971E737F4D00986688 /* Project object */;
}
